<?xml version="1.0" encoding="utf-8"?>
<Project ToolsVersion="4.0" xmlns="http://schemas.microsoft.com/developer/msbuild/2003">
  <ItemGroup>
    <Filter Include="Source Files">
      <UniqueIdentifier>{4FC737F1-C7A5-4376-A066-2A32D752A2FF}</UniqueIdentifier>
      <Extensions>cpp;cxx;c;def</Extensions>
    </Filter>
    <Filter Include="Header Files">
      <UniqueIdentifier>{93995380-89BD-4b04-88EB-625FBE52EBFB}</UniqueIdentifier>
      <Extensions>h</Extensions>
    </Filter>
    <Filter Include="Form Files">
      <UniqueIdentifier>{99349809-55BA-4b9d-BF79-8FDBB0286EB3}</UniqueIdentifier>
      <Extensions>ui</Extensions>
    </Filter>
    <Filter Include="Resource Files">
      <UniqueIdentifier>{D9D6E242-F8AF-46E4-B9FD-80ECBC20BA3E}</UniqueIdentifier>
      <Extensions>qrc;*</Extensions>
      <ParseFiles>false</ParseFiles>
    </Filter>
    <Filter Include="Generated Files">
      <UniqueIdentifier>{71ED8ED8-ACB9-4CE9-BBE1-E00B30144E11}</UniqueIdentifier>
      <Extensions>moc;h;cpp</Extensions>
      <SourceControlFiles>False</SourceControlFiles>
    </Filter>
    <Filter Include="Generated Files\Debug">
      <UniqueIdentifier>{073ad311-b55a-4d86-b20b-9dccb4cac025}</UniqueIdentifier>
      <Extensions>cpp;moc</Extensions>
      <SourceControlFiles>False</SourceControlFiles>
    </Filter>
    <Filter Include="Generated Files\Release">
      <UniqueIdentifier>{26a03f52-fb07-4e44-bc2a-c2dc88cf088d}</UniqueIdentifier>
      <Extensions>cpp;moc</Extensions>
      <SourceControlFiles>False</SourceControlFiles>
    </Filter>
    <Filter Include="Source Files\codebase">
      <UniqueIdentifier>{5cdc3587-52bc-41c1-af0a-b622891e60ff}</UniqueIdentifier>
    </Filter>
    <Filter Include="Source Files\shaders">
      <UniqueIdentifier>{2d5c4520-ca71-4622-b020-a9bb38e995e1}</UniqueIdentifier>
    </Filter>
    <Filter Include="Source Files\rule">
      <UniqueIdentifier>{835205f5-9f42-4ab7-9ba0-bd45803ae073}</UniqueIdentifier>
    </Filter>
    <Filter Include="Source Files\shape">
      <UniqueIdentifier>{94ce4025-591e-40f1-b8be-9ad9d09103a5}</UniqueIdentifier>
    </Filter>
  </ItemGroup>
  <ItemGroup>
    <ClCompile Include="main.cpp">
      <Filter>Source Files</Filter>
    </ClCompile>
    <ClCompile Include="MainWindow.cpp">
      <Filter>Source Files</Filter>
    </ClCompile>
    <ClCompile Include="GeneratedFiles\Debug\moc_MainWindow.cpp">
      <Filter>Generated Files\Debug</Filter>
    </ClCompile>
    <ClCompile Include="GeneratedFiles\Release\moc_MainWindow.cpp">
      <Filter>Generated Files\Release</Filter>
    </ClCompile>
    <ClCompile Include="GeneratedFiles\qrc_MainWindow.cpp">
      <Filter>Generated Files</Filter>
    </ClCompile>
    <ClCompile Include="Camera.cpp">
      <Filter>Source Files</Filter>
    </ClCompile>
    <ClCompile Include="GLWidget3D.cpp">
      <Filter>Source Files</Filter>
    </ClCompile>
    <ClCompile Include="..\..\codebase\GLUtils.cpp">
      <Filter>Source Files\codebase</Filter>
    </ClCompile>
    <ClCompile Include="..\..\codebase\RenderManager.cpp">
      <Filter>Source Files\codebase</Filter>
    </ClCompile>
    <ClCompile Include="..\..\codebase\Shader.cpp">
      <Filter>Source Files\codebase</Filter>
    </ClCompile>
    <ClCompile Include="..\..\codebase\ShadowMapping.cpp">
      <Filter>Source Files\codebase</Filter>
    </ClCompile>
    <ClCompile Include="Rule.cpp">
      <Filter>Source Files\rule</Filter>
    </ClCompile>
    <ClCompile Include="RuleParser.cpp">
      <Filter>Source Files\rule</Filter>
    </ClCompile>
    <ClCompile Include="CGA.cpp">
      <Filter>Source Files\shape</Filter>
    </ClCompile>
    <ClCompile Include="Circle.cpp">
      <Filter>Source Files\shape</Filter>
    </ClCompile>
    <ClCompile Include="HipRoof.cpp">
      <Filter>Source Files\shape</Filter>
    </ClCompile>
    <ClCompile Include="Polygon.cpp">
      <Filter>Source Files\shape</Filter>
    </ClCompile>
    <ClCompile Include="Prism.cpp">
      <Filter>Source Files\shape</Filter>
    </ClCompile>
    <ClCompile Include="Pyramid.cpp">
      <Filter>Source Files\shape</Filter>
    </ClCompile>
    <ClCompile Include="Rectangle.cpp">
      <Filter>Source Files\shape</Filter>
    </ClCompile>
    <ClCompile Include="CompOperator.cpp">
      <Filter>Source Files\rule</Filter>
    </ClCompile>
    <ClCompile Include="ExtrudeOperator.cpp">
      <Filter>Source Files\rule</Filter>
    </ClCompile>
    <ClCompile Include="OffsetOperator.cpp">
      <Filter>Source Files\rule</Filter>
    </ClCompile>
    <ClCompile Include="RoofHipOperator.cpp">
      <Filter>Source Files\rule</Filter>
    </ClCompile>
    <ClCompile Include="SetupProjectionOperator.cpp">
      <Filter>Source Files\rule</Filter>
    </ClCompile>
    <ClCompile Include="SplitOperator.cpp">
      <Filter>Source Files\rule</Filter>
    </ClCompile>
    <ClCompile Include="TaperOperator.cpp">
      <Filter>Source Files\rule</Filter>
    </ClCompile>
    <ClCompile Include="TextureOperator.cpp">
      <Filter>Source Files\rule</Filter>
    </ClCompile>
    <ClCompile Include="TranslateOperator.cpp">
      <Filter>Source Files\rule</Filter>
    </ClCompile>
    <ClCompile Include="RotateOperator.cpp">
      <Filter>Source Files\rule</Filter>
    </ClCompile>
    <ClCompile Include="CopyOperator.cpp">
      <Filter>Source Files\rule</Filter>
    </ClCompile>
    <ClCompile Include="ShapeLOperator.cpp">
      <Filter>Source Files\rule</Filter>
    </ClCompile>
    <ClCompile Include="..\..\codebase\OBJLoader.cpp">
      <Filter>Source Files\codebase</Filter>
    </ClCompile>
    <ClCompile Include="GeneralObject.cpp">
      <Filter>Source Files\shape</Filter>
    </ClCompile>
    <ClCompile Include="InsertOperator.cpp">
      <Filter>Source Files\rule</Filter>
    </ClCompile>
  </ItemGroup>
  <ItemGroup>
    <CustomBuild Include="MainWindow.h">
      <Filter>Header Files</Filter>
    </CustomBuild>
    <CustomBuild Include="MainWindow.ui">
      <Filter>Form Files</Filter>
    </CustomBuild>
    <CustomBuild Include="MainWindow.qrc">
      <Filter>Resource Files</Filter>
    </CustomBuild>
    <CustomBuild Include="GLWidget3D.h">
      <Filter>Header Files</Filter>
    </CustomBuild>
  </ItemGroup>
  <ItemGroup>
    <ClInclude Include="GeneratedFiles\ui_MainWindow.h">
      <Filter>Generated Files</Filter>
    </ClInclude>
    <ClInclude Include="..\..\codebase\GLUtils.h">
      <Filter>Source Files\codebase</Filter>
    </ClInclude>
    <ClInclude Include="..\..\codebase\RenderManager.h">
      <Filter>Source Files\codebase</Filter>
    </ClInclude>
    <ClInclude Include="..\..\codebase\Shader.h">
      <Filter>Source Files\codebase</Filter>
    </ClInclude>
    <ClInclude Include="..\..\codebase\ShadowMapping.h">
      <Filter>Source Files\codebase</Filter>
    </ClInclude>
    <ClInclude Include="..\..\codebase\Vertex.h">
      <Filter>Source Files\codebase</Filter>
    </ClInclude>
    <ClInclude Include="Camera.h">
      <Filter>Header Files</Filter>
    </ClInclude>
    <ClInclude Include="RuleParser.h">
      <Filter>Source Files\rule</Filter>
    </ClInclude>
    <ClInclude Include="Rule.h">
      <Filter>Source Files\rule</Filter>
    </ClInclude>
    <ClInclude Include="Rectangle.h">
      <Filter>Source Files\shape</Filter>
    </ClInclude>
    <ClInclude Include="CGA.h">
      <Filter>Source Files\shape</Filter>
    </ClInclude>
    <ClInclude Include="Circle.h">
      <Filter>Source Files\shape</Filter>
    </ClInclude>
    <ClInclude Include="HipRoof.h">
      <Filter>Source Files\shape</Filter>
    </ClInclude>
    <ClInclude Include="Polygon.h">
      <Filter>Source Files\shape</Filter>
    </ClInclude>
    <ClInclude Include="Prism.h">
      <Filter>Source Files\shape</Filter>
    </ClInclude>
    <ClInclude Include="Pyramid.h">
      <Filter>Source Files\shape</Filter>
    </ClInclude>
    <ClInclude Include="CompOperator.h">
      <Filter>Source Files\rule</Filter>
    </ClInclude>
    <ClInclude Include="ExtrudeOperator.h">
      <Filter>Source Files\rule</Filter>
    </ClInclude>
    <ClInclude Include="OffsetOperator.h">
      <Filter>Source Files\rule</Filter>
    </ClInclude>
    <ClInclude Include="RoofHipOperator.h">
      <Filter>Source Files\rule</Filter>
    </ClInclude>
    <ClInclude Include="SetupProjectionOperator.h">
      <Filter>Source Files\rule</Filter>
    </ClInclude>
    <ClInclude Include="SplitOperator.h">
      <Filter>Source Files\rule</Filter>
    </ClInclude>
    <ClInclude Include="TaperOperator.h">
      <Filter>Source Files\rule</Filter>
    </ClInclude>
    <ClInclude Include="TextureOperator.h">
      <Filter>Source Files\rule</Filter>
    </ClInclude>
    <ClInclude Include="TranslateOperator.h">
      <Filter>Source Files\rule</Filter>
    </ClInclude>
    <ClInclude Include="RotateOperator.h">
      <Filter>Source Files\rule</Filter>
    </ClInclude>
    <ClInclude Include="CopyOperator.h">
      <Filter>Source Files\rule</Filter>
    </ClInclude>
    <ClInclude Include="ShapeLOperator.h">
      <Filter>Source Files\rule</Filter>
    </ClInclude>
    <ClInclude Include="..\..\codebase\OBJLoader.h">
      <Filter>Source Files\codebase</Filter>
    </ClInclude>
    <ClInclude Include="InsertOperator.h">
      <Filter>Source Files\rule</Filter>
    </ClInclude>
    <ClInclude Include="GeneralObject.h">
      <Filter>Source Files\shape</Filter>
    </ClInclude>
  </ItemGroup>
  <ItemGroup>
    <None Include="..\shaders\fragment.glsl">
      <Filter>Source Files\shaders</Filter>
    </None>
    <None Include="..\shaders\geometry.glsl">
      <Filter>Source Files\shaders</Filter>
    </None>
    <None Include="..\shaders\vertex.glsl">
      <Filter>Source Files\shaders</Filter>
    </None>
  </ItemGroup>
</Project>